
Microsoft Visual Studio Solution File, Format Version 12.00
# Visual Studio Version 17
VisualStudioVersion = 17.5.002.0
MinimumVisualStudioVersion = 10.0.40219.1
Project("{9A19103F-16F7-4668-BE54-9A1E7A4F7556}") = "DesafioProjetoHospedagem", "DesafioProjetoHospedagem.csproj", "{C2F2DAB7-11A2-4B01-A4B8-6ED06FCCE70B}"
EndProject
Global
	GlobalSection(SolutionConfigurationPlatforms) = preSolution
		Debug|Any CPU = Debug|Any CPU
		Release|Any CPU = Release|Any CPU
	EndGlobalSection
	GlobalSection(ProjectConfigurationPlatforms) = postSolution
		{C2F2DAB7-11A2-4B01-A4B8-6ED06FCCE70B}.Debug|Any CPU.ActiveCfg = Debug|Any CPU
		{C2F2DAB7-11A2-4B01-A4B8-6ED06FCCE70B}.Debug|Any CPU.Build.0 = Debug|Any CPU
		{C2F2DAB7-11A2-4B01-A4B8-6ED06FCCE70B}.Release|Any CPU.ActiveCfg = Release|Any CPU
		{C2F2DAB7-11A2-4B01-A4B8-6ED06FCCE70B}.Release|Any CPU.Build.0 = Release|Any CPU
	EndGlobalSection
	GlobalSection(SolutionProperties) = preSolution
		HideSolutionNode = FALSE
	EndGlobalSection
	GlobalSection(ExtensibilityGlobals) = postSolution
		SolutionGuid = {EA6CD4C6-E306-4124-B320-5680FCAB12A9}
	EndGlobalSection
EndGlobal
